
Microsoft Visual Studio Solution File, Format Version 12.00
# Visual Studio Version 17
VisualStudioVersion = 17.5.33502.453
MinimumVisualStudioVersion = 10.0.40219.1
Project("{FAE04EC0-301F-11D3-BF4B-00C04F79EFBC}") = "im confused", "im confused\im confused.csproj", "{A7FB3C10-2B0D-4A5E-97D7-D7FBA71CED8B}"
EndProject
Global
	GlobalSection(SolutionConfigurationPlatforms) = preSolution
		Debug|Any CPU = Debug|Any CPU
		Release|Any CPU = Release|Any CPU
	EndGlobalSection
	GlobalSection(ProjectConfigurationPlatforms) = postSolution
		{A7FB3C10-2B0D-4A5E-97D7-D7FBA71CED8B}.Debug|Any CPU.ActiveCfg = Debug|Any CPU
		{A7FB3C10-2B0D-4A5E-97D7-D7FBA71CED8B}.Debug|Any CPU.Build.0 = Debug|Any CPU
		{A7FB3C10-2B0D-4A5E-97D7-D7FBA71CED8B}.Release|Any CPU.ActiveCfg = Release|Any CPU
		{A7FB3C10-2B0D-4A5E-97D7-D7FBA71CED8B}.Release|Any CPU.Build.0 = Release|Any CPU
	EndGlobalSection
	GlobalSection(SolutionProperties) = preSolution
		HideSolutionNode = FALSE
	EndGlobalSection
	GlobalSection(ExtensibilityGlobals) = postSolution
		SolutionGuid = {82F803A1-FEC8-4F32-8B38-94301704B90D}
	EndGlobalSection
EndGlobal
